// !$*UTF8*$!
{
	archiveVersion = 1;
	classes = {
	};
	objectVersion = 77;
	objects = {

/* Begin PBXBuildFile section */
		19B73F04188CC3F464994AD7 /* NoteParser.swift in Sources */ = {isa = PBXBuildFile; fileRef = F2BF6EEDD66C48765AFF84ED /* NoteParser.swift */; };
		2AE0AB086CD559B588B2F23A /* OverlayPanelController.swift in Sources */ = {isa = PBXBuildFile; fileRef = 1917F90EB482A8C31C6D6BC2 /* OverlayPanelController.swift */; };
		353E3E137F1F38DB21CD9CB3 /* WindowPositioner.swift in Sources */ = {isa = PBXBuildFile; fileRef = CCDB50611D249D9A50DB9609 /* WindowPositioner.swift */; };
		5A638695AB661206B3F28370 /* NoteWatcher.swift in Sources */ = {isa = PBXBuildFile; fileRef = 17622737B12DAE3F75BC7124 /* NoteWatcher.swift */; };
		5D3728FB869BFB06F47C6D0A /* HotkeyManager.swift in Sources */ = {isa = PBXBuildFile; fileRef = CD7CBAF2AADF069623872658 /* HotkeyManager.swift */; };
		5E358DB7F38CC4DBAA5546FE /* WAIWOApp.swift in Sources */ = {isa = PBXBuildFile; fileRef = B9C6E67B74C1708D7888EAA0 /* WAIWOApp.swift */; };
		7178D2284CE5D5AF6AEC3339 /* TodoState.swift in Sources */ = {isa = PBXBuildFile; fileRef = 3037E7E8EAC61C27FA1D9F42 /* TodoState.swift */; };
		9459FDFCE83CE182471C2D26 /* OverlayContentView.swift in Sources */ = {isa = PBXBuildFile; fileRef = 3BAC2F85C41A10D252FFFB2B /* OverlayContentView.swift */; };
		966C03E83154954AE8F5E425 /* NoteFinderTests.swift in Sources */ = {isa = PBXBuildFile; fileRef = B89E795201237E2A6A907ECD /* NoteFinderTests.swift */; };
		A3067CF9AC713D9F09BA602E /* NoteParserTests.swift in Sources */ = {isa = PBXBuildFile; fileRef = 2B91E0E6C1A834883C85C418 /* NoteParserTests.swift */; };
		AEACCB8B4D9987BC1E851079 /* PositionerLogicTests.swift in Sources */ = {isa = PBXBuildFile; fileRef = 9A0F6EC92427A9A7F0C183C2 /* PositionerLogicTests.swift */; };
		B1D3067FC8900E7FAD58BD35 /* FocusMonitor.swift in Sources */ = {isa = PBXBuildFile; fileRef = AF5D304B4B689329E4ED11BC /* FocusMonitor.swift */; };
		BF689C75E9BC5FF90A5DA61E /* NoteFinder.swift in Sources */ = {isa = PBXBuildFile; fileRef = 28E771BD932F6B801F1177EE /* NoteFinder.swift */; };
		D830D2876745C409F4FCC70C /* AccessibilityHelper.swift in Sources */ = {isa = PBXBuildFile; fileRef = C0DE5EE122B743003CB9D0FE /* AccessibilityHelper.swift */; };
		D9EE7B976D6F8A0A27B9BDE6 /* WAIWOTests.swift in Sources */ = {isa = PBXBuildFile; fileRef = DDF9797B701D63DE391D50AD /* WAIWOTests.swift */; };
		E2D2EF5CA7D41BD10241D7B6 /* OverlayPanel.swift in Sources */ = {isa = PBXBuildFile; fileRef = 8F0D17F3118434D545DB9047 /* OverlayPanel.swift */; };
/* End PBXBuildFile section */

/* Begin PBXContainerItemProxy section */
		2CC8851BE89F583131060243 /* PBXContainerItemProxy */ = {
			isa = PBXContainerItemProxy;
			containerPortal = A9AB862A0A4E120656ACA804 /* Project object */;
			proxyType = 1;
			remoteGlobalIDString = A4EAB9D903FDF10163ECB53C;
			remoteInfo = WAIWO;
		};
/* End PBXContainerItemProxy section */

/* Begin PBXFileReference section */
		17622737B12DAE3F75BC7124 /* NoteWatcher.swift */ = {isa = PBXFileReference; lastKnownFileType = sourcecode.swift; path = NoteWatcher.swift; sourceTree = "<group>"; };
		1917F90EB482A8C31C6D6BC2 /* OverlayPanelController.swift */ = {isa = PBXFileReference; lastKnownFileType = sourcecode.swift; path = OverlayPanelController.swift; sourceTree = "<group>"; };
		28E771BD932F6B801F1177EE /* NoteFinder.swift */ = {isa = PBXFileReference; lastKnownFileType = sourcecode.swift; path = NoteFinder.swift; sourceTree = "<group>"; };
		2B91E0E6C1A834883C85C418 /* NoteParserTests.swift */ = {isa = PBXFileReference; lastKnownFileType = sourcecode.swift; path = NoteParserTests.swift; sourceTree = "<group>"; };
		3037E7E8EAC61C27FA1D9F42 /* TodoState.swift */ = {isa = PBXFileReference; lastKnownFileType = sourcecode.swift; path = TodoState.swift; sourceTree = "<group>"; };
		3BAC2F85C41A10D252FFFB2B /* OverlayContentView.swift */ = {isa = PBXFileReference; lastKnownFileType = sourcecode.swift; path = OverlayContentView.swift; sourceTree = "<group>"; };
		66B764F098C8C4C209422F93 /* Info.plist */ = {isa = PBXFileReference; lastKnownFileType = text.plist; path = Info.plist; sourceTree = "<group>"; };
		8F0D17F3118434D545DB9047 /* OverlayPanel.swift */ = {isa = PBXFileReference; lastKnownFileType = sourcecode.swift; path = OverlayPanel.swift; sourceTree = "<group>"; };
		9A0F6EC92427A9A7F0C183C2 /* PositionerLogicTests.swift */ = {isa = PBXFileReference; lastKnownFileType = sourcecode.swift; path = PositionerLogicTests.swift; sourceTree = "<group>"; };
		AF5D304B4B689329E4ED11BC /* FocusMonitor.swift */ = {isa = PBXFileReference; lastKnownFileType = sourcecode.swift; path = FocusMonitor.swift; sourceTree = "<group>"; };
		B439AC7A8F8C678B3F66427F /* WAIWO.app */ = {isa = PBXFileReference; explicitFileType = wrapper.application; includeInIndex = 0; path = WAIWO.app; sourceTree = BUILT_PRODUCTS_DIR; };
		B89E795201237E2A6A907ECD /* NoteFinderTests.swift */ = {isa = PBXFileReference; lastKnownFileType = sourcecode.swift; path = NoteFinderTests.swift; sourceTree = "<group>"; };
		B9C6E67B74C1708D7888EAA0 /* WAIWOApp.swift */ = {isa = PBXFileReference; lastKnownFileType = sourcecode.swift; path = WAIWOApp.swift; sourceTree = "<group>"; };
		BC0E03B01FBC46811D126E3D /* WAIWOTests.xctest */ = {isa = PBXFileReference; explicitFileType = wrapper.cfbundle; includeInIndex = 0; path = WAIWOTests.xctest; sourceTree = BUILT_PRODUCTS_DIR; };
		C0DE5EE122B743003CB9D0FE /* AccessibilityHelper.swift */ = {isa = PBXFileReference; lastKnownFileType = sourcecode.swift; path = AccessibilityHelper.swift; sourceTree = "<group>"; };
		CCDB50611D249D9A50DB9609 /* WindowPositioner.swift */ = {isa = PBXFileReference; lastKnownFileType = sourcecode.swift; path = WindowPositioner.swift; sourceTree = "<group>"; };
		CD7CBAF2AADF069623872658 /* HotkeyManager.swift */ = {isa = PBXFileReference; lastKnownFileType = sourcecode.swift; path = HotkeyManager.swift; sourceTree = "<group>"; };
		DDF9797B701D63DE391D50AD /* WAIWOTests.swift */ = {isa = PBXFileReference; lastKnownFileType = sourcecode.swift; path = WAIWOTests.swift; sourceTree = "<group>"; };
		E7C90BF1306D8BD2AF80ACA7 /* WAIWO.entitlements */ = {isa = PBXFileReference; lastKnownFileType = text.plist.entitlements; path = WAIWO.entitlements; sourceTree = "<group>"; };
		F2BF6EEDD66C48765AFF84ED /* NoteParser.swift */ = {isa = PBXFileReference; lastKnownFileType = sourcecode.swift; path = NoteParser.swift; sourceTree = "<group>"; };
/* End PBXFileReference section */

/* Begin PBXGroup section */
		57059F10B0919170F011CDF5 /* WAIWO */ = {
			isa = PBXGroup;
			children = (
				66B764F098C8C4C209422F93 /* Info.plist */,
				E7C90BF1306D8BD2AF80ACA7 /* WAIWO.entitlements */,
				B9C6E67B74C1708D7888EAA0 /* WAIWOApp.swift */,
				DA07578AB7BD40BDA6557BD0 /* Models */,
				59E8FF4A7CD6570129642EDC /* Services */,
				C60D05DB26E1FF40058835CF /* Views */,
			);
			path = WAIWO;
			sourceTree = "<group>";
		};
		59E8FF4A7CD6570129642EDC /* Services */ = {
			isa = PBXGroup;
			children = (
				C0DE5EE122B743003CB9D0FE /* AccessibilityHelper.swift */,
				AF5D304B4B689329E4ED11BC /* FocusMonitor.swift */,
				CD7CBAF2AADF069623872658 /* HotkeyManager.swift */,
				28E771BD932F6B801F1177EE /* NoteFinder.swift */,
				F2BF6EEDD66C48765AFF84ED /* NoteParser.swift */,
				17622737B12DAE3F75BC7124 /* NoteWatcher.swift */,
				CCDB50611D249D9A50DB9609 /* WindowPositioner.swift */,
			);
			path = Services;
			sourceTree = "<group>";
		};
		66F03220AE7CD56495711592 /* WAIWOTests */ = {
			isa = PBXGroup;
			children = (
				B89E795201237E2A6A907ECD /* NoteFinderTests.swift */,
				2B91E0E6C1A834883C85C418 /* NoteParserTests.swift */,
				9A0F6EC92427A9A7F0C183C2 /* PositionerLogicTests.swift */,
				DDF9797B701D63DE391D50AD /* WAIWOTests.swift */,
			);
			path = WAIWOTests;
			sourceTree = "<group>";
		};
		9DEFF7F8E8DA8F2A9249336D /* Products */ = {
			isa = PBXGroup;
			children = (
				B439AC7A8F8C678B3F66427F /* WAIWO.app */,
				BC0E03B01FBC46811D126E3D /* WAIWOTests.xctest */,
			);
			name = Products;
			sourceTree = "<group>";
		};
		C60D05DB26E1FF40058835CF /* Views */ = {
			isa = PBXGroup;
			children = (
				3BAC2F85C41A10D252FFFB2B /* OverlayContentView.swift */,
				8F0D17F3118434D545DB9047 /* OverlayPanel.swift */,
				1917F90EB482A8C31C6D6BC2 /* OverlayPanelController.swift */,
			);
			path = Views;
			sourceTree = "<group>";
		};
		DA07578AB7BD40BDA6557BD0 /* Models */ = {
			isa = PBXGroup;
			children = (
				3037E7E8EAC61C27FA1D9F42 /* TodoState.swift */,
			);
			path = Models;
			sourceTree = "<group>";
		};
		F5610D2B9298EDACE0A027EB = {
			isa = PBXGroup;
			children = (
				57059F10B0919170F011CDF5 /* WAIWO */,
				66F03220AE7CD56495711592 /* WAIWOTests */,
				9DEFF7F8E8DA8F2A9249336D /* Products */,
			);
			sourceTree = "<group>";
		};
/* End PBXGroup section */

/* Begin PBXNativeTarget section */
		A4EAB9D903FDF10163ECB53C /* WAIWO */ = {
			isa = PBXNativeTarget;
			buildConfigurationList = 426893D467CD6300E891DE82 /* Build configuration list for PBXNativeTarget "WAIWO" */;
			buildPhases = (
				637BEF01F300FAAAAB84C817 /* Sources */,
			);
			buildRules = (
			);
			dependencies = (
			);
			name = WAIWO;
			packageProductDependencies = (
			);
			productName = WAIWO;
			productReference = B439AC7A8F8C678B3F66427F /* WAIWO.app */;
			productType = "com.apple.product-type.application";
		};
		BC28423A3C769A17FBBD8299 /* WAIWOTests */ = {
			isa = PBXNativeTarget;
			buildConfigurationList = 1155C71F1DB85420E5AE1CA2 /* Build configuration list for PBXNativeTarget "WAIWOTests" */;
			buildPhases = (
				70D9F64FE762FEA8B4CF426B /* Sources */,
			);
			buildRules = (
			);
			dependencies = (
				A901A4F8F3FA8CA888011B56 /* PBXTargetDependency */,
			);
			name = WAIWOTests;
			packageProductDependencies = (
			);
			productName = WAIWOTests;
			productReference = BC0E03B01FBC46811D126E3D /* WAIWOTests.xctest */;
			productType = "com.apple.product-type.bundle.unit-test";
		};
/* End PBXNativeTarget section */

/* Begin PBXProject section */
		A9AB862A0A4E120656ACA804 /* Project object */ = {
			isa = PBXProject;
			attributes = {
				BuildIndependentTargetsInParallel = YES;
				LastUpgradeCheck = 1600;
				TargetAttributes = {
				};
			};
			buildConfigurationList = 577DDD2A1D05C6F8C2B94187 /* Build configuration list for PBXProject "WAIWO" */;
			developmentRegion = en;
			hasScannedForEncodings = 0;
			knownRegions = (
				Base,
				en,
			);
			mainGroup = F5610D2B9298EDACE0A027EB;
			minimizedProjectReferenceProxies = 1;
			preferredProjectObjectVersion = 77;
			productRefGroup = 9DEFF7F8E8DA8F2A9249336D /* Products */;
			projectDirPath = "";
			projectRoot = "";
			targets = (
				A4EAB9D903FDF10163ECB53C /* WAIWO */,
				BC28423A3C769A17FBBD8299 /* WAIWOTests */,
			);
		};
/* End PBXProject section */

/* Begin PBXSourcesBuildPhase section */
		637BEF01F300FAAAAB84C817 /* Sources */ = {
			isa = PBXSourcesBuildPhase;
			buildActionMask = 2147483647;
			files = (
				D830D2876745C409F4FCC70C /* AccessibilityHelper.swift in Sources */,
				B1D3067FC8900E7FAD58BD35 /* FocusMonitor.swift in Sources */,
				5D3728FB869BFB06F47C6D0A /* HotkeyManager.swift in Sources */,
				BF689C75E9BC5FF90A5DA61E /* NoteFinder.swift in Sources */,
				19B73F04188CC3F464994AD7 /* NoteParser.swift in Sources */,
				5A638695AB661206B3F28370 /* NoteWatcher.swift in Sources */,
				9459FDFCE83CE182471C2D26 /* OverlayContentView.swift in Sources */,
				E2D2EF5CA7D41BD10241D7B6 /* OverlayPanel.swift in Sources */,
				2AE0AB086CD559B588B2F23A /* OverlayPanelController.swift in Sources */,
				7178D2284CE5D5AF6AEC3339 /* TodoState.swift in Sources */,
				5E358DB7F38CC4DBAA5546FE /* WAIWOApp.swift in Sources */,
				353E3E137F1F38DB21CD9CB3 /* WindowPositioner.swift in Sources */,
			);
			runOnlyForDeploymentPostprocessing = 0;
		};
		70D9F64FE762FEA8B4CF426B /* Sources */ = {
			isa = PBXSourcesBuildPhase;
			buildActionMask = 2147483647;
			files = (
				966C03E83154954AE8F5E425 /* NoteFinderTests.swift in Sources */,
				A3067CF9AC713D9F09BA602E /* NoteParserTests.swift in Sources */,
				AEACCB8B4D9987BC1E851079 /* PositionerLogicTests.swift in Sources */,
				D9EE7B976D6F8A0A27B9BDE6 /* WAIWOTests.swift in Sources */,
			);
			runOnlyForDeploymentPostprocessing = 0;
		};
/* End PBXSourcesBuildPhase section */

/* Begin PBXTargetDependency section */
		A901A4F8F3FA8CA888011B56 /* PBXTargetDependency */ = {
			isa = PBXTargetDependency;
			target = A4EAB9D903FDF10163ECB53C /* WAIWO */;
			targetProxy = 2CC8851BE89F583131060243 /* PBXContainerItemProxy */;
		};
/* End PBXTargetDependency section */

/* Begin XCBuildConfiguration section */
		01157CCD4471DD4576B65D84 /* Release */ = {
			isa = XCBuildConfiguration;
			buildSettings = {
				BUNDLE_LOADER = "$(TEST_HOST)";
				COMBINE_HIDPI_IMAGES = YES;
				GENERATE_INFOPLIST_FILE = YES;
				LD_RUNPATH_SEARCH_PATHS = (
					"$(inherited)",
					"@executable_path/../Frameworks",
					"@loader_path/../Frameworks",
				);
				PRODUCT_BUNDLE_IDENTIFIER = com.waiwo.WAIWOTests;
				SDKROOT = macosx;
				TEST_HOST = "$(BUILT_PRODUCTS_DIR)/WAIWO.app/Contents/MacOS/WAIWO";
			};
			name = Release;
		};
		3790750C2372FCC03541E2BA /* Debug */ = {
			isa = XCBuildConfiguration;
			buildSettings = {
				ASSETCATALOG_COMPILER_APPICON_NAME = AppIcon;
				CODE_SIGN_ENTITLEMENTS = WAIWO/WAIWO.entitlements;
				COMBINE_HIDPI_IMAGES = YES;
				ENABLE_HARDENED_RUNTIME = YES;
				INFOPLIST_FILE = WAIWO/Info.plist;
				LD_RUNPATH_SEARCH_PATHS = (
					"$(inherited)",
					"@executable_path/../Frameworks",
				);
				PRODUCT_BUNDLE_IDENTIFIER = com.waiwo.WAIWO;
				SDKROOT = macosx;
			};
			name = Debug;
		};
		5D1DF0A6D04299D6D7C30255 /* Debug */ = {
			isa = XCBuildConfiguration;
			buildSettings = {
				ALWAYS_SEARCH_USER_PATHS = NO;
				CLANG_ANALYZER_NONNULL = YES;
				CLANG_ANALYZER_NUMBER_OBJECT_CONVERSION = YES_AGGRESSIVE;
				CLANG_CXX_LANGUAGE_STANDARD = "gnu++14";
				CLANG_CXX_LIBRARY = "libc++";
				CLANG_ENABLE_MODULES = YES;
				CLANG_ENABLE_OBJC_ARC = YES;
				CLANG_ENABLE_OBJC_WEAK = YES;
				CLANG_WARN_BLOCK_CAPTURE_AUTORELEASING = YES;
				CLANG_WARN_BOOL_CONVERSION = YES;
				CLANG_WARN_COMMA = YES;
				CLANG_WARN_CONSTANT_CONVERSION = YES;
				CLANG_WARN_DEPRECATED_OBJC_IMPLEMENTATIONS = YES;
				CLANG_WARN_DIRECT_OBJC_ISA_USAGE = YES_ERROR;
				CLANG_WARN_DOCUMENTATION_COMMENTS = YES;
				CLANG_WARN_EMPTY_BODY = YES;
				CLANG_WARN_ENUM_CONVERSION = YES;
				CLANG_WARN_INFINITE_RECURSION = YES;
				CLANG_WARN_INT_CONVERSION = YES;
				CLANG_WARN_NON_LITERAL_NULL_CONVERSION = YES;
				CLANG_WARN_OBJC_IMPLICIT_RETAIN_SELF = YES;
				CLANG_WARN_OBJC_LITERAL_CONVERSION = YES;
				CLANG_WARN_OBJC_ROOT_CLASS = YES_ERROR;
				CLANG_WARN_QUOTED_INCLUDE_IN_FRAMEWORK_HEADER = YES;
				CLANG_WARN_RANGE_LOOP_ANALYSIS = YES;
				CLANG_WARN_STRICT_PROTOTYPES = YES;
				CLANG_WARN_SUSPICIOUS_MOVE = YES;
				CLANG_WARN_UNGUARDED_AVAILABILITY = YES_AGGRESSIVE;
				CLANG_WARN_UNREACHABLE_CODE = YES;
				CLANG_WARN__DUPLICATE_METHOD_MATCH = YES;
				COPY_PHASE_STRIP = NO;
				DEBUG_INFORMATION_FORMAT = dwarf;
				ENABLE_STRICT_OBJC_MSGSEND = YES;
				ENABLE_TESTABILITY = YES;
				GCC_C_LANGUAGE_STANDARD = gnu11;
				GCC_DYNAMIC_NO_PIC = NO;
				GCC_NO_COMMON_BLOCKS = YES;
				GCC_OPTIMIZATION_LEVEL = 0;
				GCC_PREPROCESSOR_DEFINITIONS = (
					"$(inherited)",
					"DEBUG=1",
				);
				GCC_WARN_64_TO_32_BIT_CONVERSION = YES;
				GCC_WARN_ABOUT_RETURN_TYPE = YES_ERROR;
				GCC_WARN_UNDECLARED_SELECTOR = YES;
				GCC_WARN_UNINITIALIZED_AUTOS = YES_AGGRESSIVE;
				GCC_WARN_UNUSED_FUNCTION = YES;
				GCC_WARN_UNUSED_VARIABLE = YES;
				MACOSX_DEPLOYMENT_TARGET = 14.0;
				MTL_ENABLE_DEBUG_INFO = INCLUDE_SOURCE;
				MTL_FAST_MATH = YES;
				ONLY_ACTIVE_ARCH = YES;
				PRODUCT_NAME = "$(TARGET_NAME)";
				SDKROOT = macosx;
				SWIFT_ACTIVE_COMPILATION_CONDITIONS = DEBUG;
				SWIFT_OPTIMIZATION_LEVEL = "-Onone";
				SWIFT_VERSION = 6.0;
			};
			name = Debug;
		};
		881A1C36BCCBBFBA964C3996 /* Release */ = {
			isa = XCBuildConfiguration;
			buildSettings = {
				ALWAYS_SEARCH_USER_PATHS = NO;
				CLANG_ANALYZER_NONNULL = YES;
				CLANG_ANALYZER_NUMBER_OBJECT_CONVERSION = YES_AGGRESSIVE;
				CLANG_CXX_LANGUAGE_STANDARD = "gnu++14";
				CLANG_CXX_LIBRARY = "libc++";
				CLANG_ENABLE_MODULES = YES;
				CLANG_ENABLE_OBJC_ARC = YES;
				CLANG_ENABLE_OBJC_WEAK = YES;
				CLANG_WARN_BLOCK_CAPTURE_AUTORELEASING = YES;
				CLANG_WARN_BOOL_CONVERSION = YES;
				CLANG_WARN_COMMA = YES;
				CLANG_WARN_CONSTANT_CONVERSION = YES;
				CLANG_WARN_DEPRECATED_OBJC_IMPLEMENTATIONS = YES;
				CLANG_WARN_DIRECT_OBJC_ISA_USAGE = YES_ERROR;
				CLANG_WARN_DOCUMENTATION_COMMENTS = YES;
				CLANG_WARN_EMPTY_BODY = YES;
				CLANG_WARN_ENUM_CONVERSION = YES;
				CLANG_WARN_INFINITE_RECURSION = YES;
				CLANG_WARN_INT_CONVERSION = YES;
				CLANG_WARN_NON_LITERAL_NULL_CONVERSION = YES;
				CLANG_WARN_OBJC_IMPLICIT_RETAIN_SELF = YES;
				CLANG_WARN_OBJC_LITERAL_CONVERSION = YES;
				CLANG_WARN_OBJC_ROOT_CLASS = YES_ERROR;
				CLANG_WARN_QUOTED_INCLUDE_IN_FRAMEWORK_HEADER = YES;
				CLANG_WARN_RANGE_LOOP_ANALYSIS = YES;
				CLANG_WARN_STRICT_PROTOTYPES = YES;
				CLANG_WARN_SUSPICIOUS_MOVE = YES;
				CLANG_WARN_UNGUARDED_AVAILABILITY = YES_AGGRESSIVE;
				CLANG_WARN_UNREACHABLE_CODE = YES;
				CLANG_WARN__DUPLICATE_METHOD_MATCH = YES;
				COPY_PHASE_STRIP = NO;
				DEBUG_INFORMATION_FORMAT = "dwarf-with-dsym";
				ENABLE_NS_ASSERTIONS = NO;
				ENABLE_STRICT_OBJC_MSGSEND = YES;
				GCC_C_LANGUAGE_STANDARD = gnu11;
				GCC_NO_COMMON_BLOCKS = YES;
				GCC_WARN_64_TO_32_BIT_CONVERSION = YES;
				GCC_WARN_ABOUT_RETURN_TYPE = YES_ERROR;
				GCC_WARN_UNDECLARED_SELECTOR = YES;
				GCC_WARN_UNINITIALIZED_AUTOS = YES_AGGRESSIVE;
				GCC_WARN_UNUSED_FUNCTION = YES;
				GCC_WARN_UNUSED_VARIABLE = YES;
				MACOSX_DEPLOYMENT_TARGET = 14.0;
				MTL_ENABLE_DEBUG_INFO = NO;
				MTL_FAST_MATH = YES;
				PRODUCT_NAME = "$(TARGET_NAME)";
				SDKROOT = macosx;
				SWIFT_COMPILATION_MODE = wholemodule;
				SWIFT_OPTIMIZATION_LEVEL = "-O";
				SWIFT_VERSION = 6.0;
			};
			name = Release;
		};
		9B9D0E1B3BFB5976B2E41C0E /* Debug */ = {
			isa = XCBuildConfiguration;
			buildSettings = {
				BUNDLE_LOADER = "$(TEST_HOST)";
				COMBINE_HIDPI_IMAGES = YES;
				GENERATE_INFOPLIST_FILE = YES;
				LD_RUNPATH_SEARCH_PATHS = (
					"$(inherited)",
					"@executable_path/../Frameworks",
					"@loader_path/../Frameworks",
				);
				PRODUCT_BUNDLE_IDENTIFIER = com.waiwo.WAIWOTests;
				SDKROOT = macosx;
				TEST_HOST = "$(BUILT_PRODUCTS_DIR)/WAIWO.app/Contents/MacOS/WAIWO";
			};
			name = Debug;
		};
		B4F0D27CA8CD859FB5CC2F23 /* Release */ = {
			isa = XCBuildConfiguration;
			buildSettings = {
				ASSETCATALOG_COMPILER_APPICON_NAME = AppIcon;
				CODE_SIGN_ENTITLEMENTS = WAIWO/WAIWO.entitlements;
				COMBINE_HIDPI_IMAGES = YES;
				ENABLE_HARDENED_RUNTIME = YES;
				INFOPLIST_FILE = WAIWO/Info.plist;
				LD_RUNPATH_SEARCH_PATHS = (
					"$(inherited)",
					"@executable_path/../Frameworks",
				);
				PRODUCT_BUNDLE_IDENTIFIER = com.waiwo.WAIWO;
				SDKROOT = macosx;
			};
			name = Release;
		};
/* End XCBuildConfiguration section */

/* Begin XCConfigurationList section */
		1155C71F1DB85420E5AE1CA2 /* Build configuration list for PBXNativeTarget "WAIWOTests" */ = {
			isa = XCConfigurationList;
			buildConfigurations = (
				9B9D0E1B3BFB5976B2E41C0E /* Debug */,
				01157CCD4471DD4576B65D84 /* Release */,
			);
			defaultConfigurationIsVisible = 0;
			defaultConfigurationName = Debug;
		};
		426893D467CD6300E891DE82 /* Build configuration list for PBXNativeTarget "WAIWO" */ = {
			isa = XCConfigurationList;
			buildConfigurations = (
				3790750C2372FCC03541E2BA /* Debug */,
				B4F0D27CA8CD859FB5CC2F23 /* Release */,
			);
			defaultConfigurationIsVisible = 0;
			defaultConfigurationName = Debug;
		};
		577DDD2A1D05C6F8C2B94187 /* Build configuration list for PBXProject "WAIWO" */ = {
			isa = XCConfigurationList;
			buildConfigurations = (
				5D1DF0A6D04299D6D7C30255 /* Debug */,
				881A1C36BCCBBFBA964C3996 /* Release */,
			);
			defaultConfigurationIsVisible = 0;
			defaultConfigurationName = Debug;
		};
/* End XCConfigurationList section */
	};
	rootObject = A9AB862A0A4E120656ACA804 /* Project object */;
}
